
Microsoft Visual Studio Solution File, Format Version 12.00
# Visual Studio 15
Project("{FAE04EC0-301F-11D3-BF4B-00C04F79EFBC}") = "issue-8750", "issue-8750\issue-8750.csproj", "{917C66A3-F9F6-46F8-B927-55B2CC3B9172}"
EndProject
Global
	GlobalSection(SolutionConfigurationPlatforms) = preSolution
		Debug|Any CPU = Debug|Any CPU
		Release|Any CPU = Release|Any CPU
	EndGlobalSection
	GlobalSection(ProjectConfigurationPlatforms) = postSolution
		{917C66A3-F9F6-46F8-B927-55B2CC3B9172}.Debug|Any CPU.ActiveCfg = Debug|Any CPU
		{917C66A3-F9F6-46F8-B927-55B2CC3B9172}.Debug|Any CPU.Build.0 = Debug|Any CPU
		{917C66A3-F9F6-46F8-B927-55B2CC3B9172}.Release|Any CPU.ActiveCfg = Release|Any CPU
		{917C66A3-F9F6-46F8-B927-55B2CC3B9172}.Release|Any CPU.Build.0 = Release|Any CPU
	EndGlobalSection
EndGlobal
