
Microsoft Visual Studio Solution File, Format Version 12.00
# Visual Studio Version 16
VisualStudioVersion = 16.0.32228.343
MinimumVisualStudioVersion = 10.0.40219.1
Project("{FAE04EC0-301F-11D3-BF4B-00C04F79EFBC}") = "issue-10791", "issue-10791.csproj", "{5B1352E0-6CE9-4975-A0FD-FB4784B84E94}"
EndProject
Global
	GlobalSection(SolutionConfigurationPlatforms) = preSolution
		Debug|Any CPU = Debug|Any CPU
		Release|Any CPU = Release|Any CPU
	EndGlobalSection
	GlobalSection(ProjectConfigurationPlatforms) = postSolution
		{5B1352E0-6CE9-4975-A0FD-FB4784B84E94}.Debug|Any CPU.ActiveCfg = Debug|Any CPU
		{5B1352E0-6CE9-4975-A0FD-FB4784B84E94}.Debug|Any CPU.Build.0 = Debug|Any CPU
		{5B1352E0-6CE9-4975-A0FD-FB4784B84E94}.Release|Any CPU.ActiveCfg = Release|Any CPU
		{5B1352E0-6CE9-4975-A0FD-FB4784B84E94}.Release|Any CPU.Build.0 = Release|Any CPU
	EndGlobalSection
	GlobalSection(SolutionProperties) = preSolution
		HideSolutionNode = FALSE
	EndGlobalSection
	GlobalSection(ExtensibilityGlobals) = postSolution
		SolutionGuid = {C286FD7D-F172-41D3-95F4-097D91F37333}
	EndGlobalSection
EndGlobal
